
Microsoft Visual Studio Solution File, Format Version 12.00
# Visual Studio Version 17
VisualStudioVersion = 17.6.33815.320
MinimumVisualStudioVersion = 10.0.40219.1
Project("{9A19103F-16F7-4668-BE54-9A1E7A4F7556}") = "Business", "Business\Business.csproj", "{C5BC20E2-912E-49D7-B5AF-1CA9CC0F9705}"
EndProject
Project("{9A19103F-16F7-4668-BE54-9A1E7A4F7556}") = "Core", "Core\Core.csproj", "{8F928DC2-B877-4589-93EC-0C377359F129}"
EndProject
Project("{9A19103F-16F7-4668-BE54-9A1E7A4F7556}") = "DataAccess", "DataAccess\DataAccess.csproj", "{5308C68F-28EC-4B51-8340-1D89240EFFDF}"
EndProject
Project("{9A19103F-16F7-4668-BE54-9A1E7A4F7556}") = "Entities", "Entities\Entities.csproj", "{F76CBBE7-C07A-4A9C-8C8A-BB9189569FEE}"
EndProject
Project("{9A19103F-16F7-4668-BE54-9A1E7A4F7556}") = "WebAPI", "WebAPI\WebAPI.csproj", "{E627B952-B867-45B5-9CEB-F6B8F3286037}"
EndProject
Global
	GlobalSection(SolutionConfigurationPlatforms) = preSolution
		Debug|Any CPU = Debug|Any CPU
		Release|Any CPU = Release|Any CPU
	EndGlobalSection
	GlobalSection(ProjectConfigurationPlatforms) = postSolution
		{C5BC20E2-912E-49D7-B5AF-1CA9CC0F9705}.Debug|Any CPU.ActiveCfg = Debug|Any CPU
		{C5BC20E2-912E-49D7-B5AF-1CA9CC0F9705}.Debug|Any CPU.Build.0 = Debug|Any CPU
		{C5BC20E2-912E-49D7-B5AF-1CA9CC0F9705}.Release|Any CPU.ActiveCfg = Release|Any CPU
		{C5BC20E2-912E-49D7-B5AF-1CA9CC0F9705}.Release|Any CPU.Build.0 = Release|Any CPU
		{8F928DC2-B877-4589-93EC-0C377359F129}.Debug|Any CPU.ActiveCfg = Debug|Any CPU
		{8F928DC2-B877-4589-93EC-0C377359F129}.Debug|Any CPU.Build.0 = Debug|Any CPU
		{8F928DC2-B877-4589-93EC-0C377359F129}.Release|Any CPU.ActiveCfg = Release|Any CPU
		{8F928DC2-B877-4589-93EC-0C377359F129}.Release|Any CPU.Build.0 = Release|Any CPU
		{5308C68F-28EC-4B51-8340-1D89240EFFDF}.Debug|Any CPU.ActiveCfg = Debug|Any CPU
		{5308C68F-28EC-4B51-8340-1D89240EFFDF}.Debug|Any CPU.Build.0 = Debug|Any CPU
		{5308C68F-28EC-4B51-8340-1D89240EFFDF}.Release|Any CPU.ActiveCfg = Release|Any CPU
		{5308C68F-28EC-4B51-8340-1D89240EFFDF}.Release|Any CPU.Build.0 = Release|Any CPU
		{F76CBBE7-C07A-4A9C-8C8A-BB9189569FEE}.Debug|Any CPU.ActiveCfg = Debug|Any CPU
		{F76CBBE7-C07A-4A9C-8C8A-BB9189569FEE}.Debug|Any CPU.Build.0 = Debug|Any CPU
		{F76CBBE7-C07A-4A9C-8C8A-BB9189569FEE}.Release|Any CPU.ActiveCfg = Release|Any CPU
		{F76CBBE7-C07A-4A9C-8C8A-BB9189569FEE}.Release|Any CPU.Build.0 = Release|Any CPU
		{E627B952-B867-45B5-9CEB-F6B8F3286037}.Debug|Any CPU.ActiveCfg = Debug|Any CPU
		{E627B952-B867-45B5-9CEB-F6B8F3286037}.Debug|Any CPU.Build.0 = Debug|Any CPU
		{E627B952-B867-45B5-9CEB-F6B8F3286037}.Release|Any CPU.ActiveCfg = Release|Any CPU
		{E627B952-B867-45B5-9CEB-F6B8F3286037}.Release|Any CPU.Build.0 = Release|Any CPU
	EndGlobalSection
	GlobalSection(SolutionProperties) = preSolution
		HideSolutionNode = FALSE
	EndGlobalSection
	GlobalSection(ExtensibilityGlobals) = postSolution
		SolutionGuid = {9D695D11-2AC0-4B01-B3A5-5AC822F352AC}
	EndGlobalSection
EndGlobal
